
Microsoft Visual Studio Solution File, Format Version 12.00
# Visual Studio Version 17
VisualStudioVersion = 17.5.33424.131
MinimumVisualStudioVersion = 10.0.40219.1
Project("{FAE04EC0-301F-11D3-BF4B-00C04F79EFBC}") = "Weather Application", "Weather Application\Weather Application.csproj", "{A04C070A-FC76-4FC4-BCBF-536A01731DEF}"
EndProject
Global
	GlobalSection(SolutionConfigurationPlatforms) = preSolution
		Debug|Any CPU = Debug|Any CPU
		Release|Any CPU = Release|Any CPU
	EndGlobalSection
	GlobalSection(ProjectConfigurationPlatforms) = postSolution
		{A04C070A-FC76-4FC4-BCBF-536A01731DEF}.Debug|Any CPU.ActiveCfg = Debug|Any CPU
		{A04C070A-FC76-4FC4-BCBF-536A01731DEF}.Debug|Any CPU.Build.0 = Debug|Any CPU
		{A04C070A-FC76-4FC4-BCBF-536A01731DEF}.Release|Any CPU.ActiveCfg = Release|Any CPU
		{A04C070A-FC76-4FC4-BCBF-536A01731DEF}.Release|Any CPU.Build.0 = Release|Any CPU
	EndGlobalSection
	GlobalSection(SolutionProperties) = preSolution
		HideSolutionNode = FALSE
	EndGlobalSection
	GlobalSection(ExtensibilityGlobals) = postSolution
		SolutionGuid = {FC77381C-2AF4-4195-B905-3B35B3662BBE}
	EndGlobalSection
EndGlobal
